PODS:
  - AFNetworking (3.1.0):
    - AFNetworking/NSURLSession (= 3.1.0)
    - AFNetworking/Reachability (= 3.1.0)
    - AFNetworking/Security (= 3.1.0)
    - AFNetworking/Serialization (= 3.1.0)
    - AFNetworking/UIKit (= 3.1.0)
  - AFNetworking/NSURLSession (3.1.0):
    - AFNetworking/Reachability
    - AFNetworking/Security
    - AFNetworking/Serialization
  - AFNetworking/Reachability (3.1.0)
  - AFNetworking/Security (3.1.0)
  - AFNetworking/Serialization (3.1.0)
  - AFNetworking/UIKit (3.1.0):
    - AFNetworking/NSURLSession
  - CYLTabBarController (1.2.7)
  - JVFloatLabeledTextField (1.1.0)
  - MBProgressHUD (0.9.2)
  - MJRefresh (3.1.0)
  - MOBFoundation_IDFA (1.5.1)
  - Pgyer (2.8.4)
  - PgyUpdate (1.2)
  - RongCloudIMKit (2.4.11)
  - SDWebImage (3.7.5):
    - SDWebImage/Core (= 3.7.5)
  - SDWebImage/Core (3.7.5)
  - SMSSDK (2.0.4)
  - YYModel (1.0.3)

DEPENDENCIES:
  - AFNetworking (~> 3.0)
  - CYLTabBarController
  - JVFloatLabeledTextField
  - MBProgressHUD (~> 0.9.2)
  - MJRefresh
  - MOBFoundation_IDFA
  - Pgyer
  - PgyUpdate
  - RongCloudIMKit (~> 2.4.5)
  - SDWebImage (~> 3.7)
  - SMSSDK
  - YYModel

SPEC CHECKSUMS:
  AFNetworking: 5e0e199f73d8626b11e79750991f5d173d1f8b67
  CYLTabBarController: 639c5eca91cc564671bfd876e5fcc1a39cc49bf7
  JVFloatLabeledTextField: ea4a3d8387ddd43724c472bb2b8ab39b79af05d4
  MBProgressHUD: 1569cf7ace17a8bac47aabfbb8580a49690386d1
  MJRefresh: 743e6404967d1c2c688472ea3ecfde247d872db4
  MOBFoundation_IDFA: f5d3d1f89166f60c6985e34b7d90e6fb5d58fb61
  Pgyer: 26edfcc8da6da6383fabfdbccd2f77c623b9d6eb
  PgyUpdate: a42e82cec5ad4e992af390e9d494f6fc62db65e4
  RongCloudIMKit: 40fefc63541927aad728e06c731d12d34de1c5fa
  SDWebImage: 69c6303e3348fba97e03f65d65d4fbc26740f461
  SMSSDK: 642b6a8c55fd382be44487cd5e0b0710681895f9
  YYModel: 63142c2f07c5c8c9d1c261689cf3827ea6ab2886

COCOAPODS: 0.39.0
